// !$*UTF8*$!
{
	archiveVersion = 1;
	classes = {
	};
	objectVersion = 46;
	objects = {

/* Begin PBXBuildFile section */
		AAF77C041CF087E4009408DA /* main.m in Sources */ = {isa = PBXBuildFile; fileRef = AAF77C031CF087E4009408DA /* main.m */; };
		AAF77C071CF087E4009408DA /* AppDelegate.m in Sources */ = {isa = PBXBuildFile; fileRef = AAF77C061CF087E4009408DA /* AppDelegate.m */; };
		AAF77C0D1CF087E4009408DA /* Main.storyboard in Resources */ = {isa = PBXBuildFile; fileRef = AAF77C0B1CF087E4009408DA /* Main.storyboard */; };
		AAF77C0F1CF087E4009408DA /* Assets.xcassets in Resources */ = {isa = PBXBuildFile; fileRef = AAF77C0E1CF087E4009408DA /* Assets.xcassets */; };
		AAF77C121CF087E4009408DA /* LaunchScreen.storyboard in Resources */ = {isa = PBXBuildFile; fileRef = AAF77C101CF087E4009408DA /* LaunchScreen.storyboard */; };
		AAF77C1D1CF087E4009408DA /* HighVoltageTests.m in Sources */ = {isa = PBXBuildFile; fileRef = AAF77C1C1CF087E4009408DA /* HighVoltageTests.m */; };
		AAF77C2A1CF0B1FE009408DA /* ValueTableViewController.m in Sources */ = {isa = PBXBuildFile; fileRef = AAF77C291CF0B1FE009408DA /* ValueTableViewController.m */; };
		AAF77C2E1CF0B261009408DA /* ValueCell.m in Sources */ = {isa = PBXBuildFile; fileRef = AAF77C2D1CF0B261009408DA /* ValueCell.m */; };
		AAF77C351CF0BD46009408DA /* ElectricityClass.m in Sources */ = {isa = PBXBuildFile; fileRef = AAF77C341CF0BD46009408DA /* ElectricityClass.m */; };
		AAF77C381CF0C116009408DA /* PopoverTableViewController.m in Sources */ = {isa = PBXBuildFile; fileRef = AAF77C371CF0C116009408DA /* PopoverTableViewController.m */; };
/* End PBXBuildFile section */

/* Begin PBXContainerItemProxy section */
		AAF77C191CF087E4009408DA /* PBXContainerItemProxy */ = {
			isa = PBXContainerItemProxy;
			containerPortal = AAF77BF71CF087E4009408DA /* Project object */;
			proxyType = 1;
			remoteGlobalIDString = AAF77BFE1CF087E4009408DA;
			remoteInfo = HighVoltage;
		};
/* End PBXContainerItemProxy section */

/* Begin PBXFileReference section */
		AAF77BFF1CF087E4009408DA /* HighVoltage.app */ = {isa = PBXFileReference; explicitFileType = wrapper.application; includeInIndex = 0; path = HighVoltage.app; sourceTree = BUILT_PRODUCTS_DIR; };
		AAF77C031CF087E4009408DA /* main.m */ = {isa = PBXFileReference; lastKnownFileType = sourcecode.c.objc; path = main.m; sourceTree = "<group>"; };
		AAF77C051CF087E4009408DA /* AppDelegate.h */ = {isa = PBXFileReference; lastKnownFileType = sourcecode.c.h; path = AppDelegate.h; sourceTree = "<group>"; };
		AAF77C061CF087E4009408DA /* AppDelegate.m */ = {isa = PBXFileReference; lastKnownFileType = sourcecode.c.objc; path = AppDelegate.m; sourceTree = "<group>"; };
		AAF77C0C1CF087E4009408DA /* Base */ = {isa = PBXFileReference; lastKnownFileType = file.storyboard; name = Base; path = Base.lproj/Main.storyboard; sourceTree = "<group>"; };
		AAF77C0E1CF087E4009408DA /* Assets.xcassets */ = {isa = PBXFileReference; lastKnownFileType = folder.assetcatalog; path = Assets.xcassets; sourceTree = "<group>"; };
		AAF77C111CF087E4009408DA /* Base */ = {isa = PBXFileReference; lastKnownFileType = file.storyboard; name = Base; path = Base.lproj/LaunchScreen.storyboard; sourceTree = "<group>"; };
		AAF77C131CF087E4009408DA /* Info.plist */ = {isa = PBXFileReference; lastKnownFileType = text.plist.xml; path = Info.plist; sourceTree = "<group>"; };
		AAF77C181CF087E4009408DA /* HighVoltageTests.xctest */ = {isa = PBXFileReference; explicitFileType = wrapper.cfbundle; includeInIndex = 0; path = HighVoltageTests.xctest; sourceTree = BUILT_PRODUCTS_DIR; };
		AAF77C1C1CF087E4009408DA /* HighVoltageTests.m */ = {isa = PBXFileReference; lastKnownFileType = sourcecode.c.objc; path = HighVoltageTests.m; sourceTree = "<group>"; };
		AAF77C1E1CF087E4009408DA /* Info.plist */ = {isa = PBXFileReference; lastKnownFileType = text.plist.xml; path = Info.plist; sourceTree = "<group>"; };
		AAF77C281CF0B1FE009408DA /* ValueTableViewController.h */ = {isa = PBXFileReference; fileEncoding = 4; lastKnownFileType = sourcecode.c.h; path = ValueTableViewController.h; sourceTree = "<group>"; };
		AAF77C291CF0B1FE009408DA /* ValueTableViewController.m */ = {isa = PBXFileReference; fileEncoding = 4; lastKnownFileType = sourcecode.c.objc; path = ValueTableViewController.m; sourceTree = "<group>"; };
		AAF77C2C1CF0B261009408DA /* ValueCell.h */ = {isa = PBXFileReference; fileEncoding = 4; lastKnownFileType = sourcecode.c.h; path = ValueCell.h; sourceTree = "<group>"; };
		AAF77C2D1CF0B261009408DA /* ValueCell.m */ = {isa = PBXFileReference; fileEncoding = 4; lastKnownFileType = sourcecode.c.objc; path = ValueCell.m; sourceTree = "<group>"; };
		AAF77C331CF0BD46009408DA /* ElectricityClass.h */ = {isa = PBXFileReference; fileEncoding = 4; lastKnownFileType = sourcecode.c.h; path = ElectricityClass.h; sourceTree = "<group>"; };
		AAF77C341CF0BD46009408DA /* ElectricityClass.m */ = {isa = PBXFileReference; fileEncoding = 4; lastKnownFileType = sourcecode.c.objc; path = ElectricityClass.m; sourceTree = "<group>"; };
		AAF77C361CF0C116009408DA /* PopoverTableViewController.h */ = {isa = PBXFileReference; fileEncoding = 4; lastKnownFileType = sourcecode.c.h; path = PopoverTableViewController.h; sourceTree = "<group>"; };
		AAF77C371CF0C116009408DA /* PopoverTableViewController.m */ = {isa = PBXFileReference; fileEncoding = 4; lastKnownFileType = sourcecode.c.objc; path = PopoverTableViewController.m; sourceTree = "<group>"; };
/* End PBXFileReference section */

/* Begin PBXFrameworksBuildPhase section */
		AAF77BFC1CF087E4009408DA /* Frameworks */ = {
			isa = PBXFrameworksBuildPhase;
			buildActionMask = 2147483647;
			files = (
			);
			runOnlyForDeploymentPostprocessing = 0;
		};
		AAF77C151CF087E4009408DA /* Frameworks */ = {
			isa = PBXFrameworksBuildPhase;
			buildActionMask = 2147483647;
			files = (
			);
			runOnlyForDeploymentPostprocessing = 0;
		};
/* End PBXFrameworksBuildPhase section */

/* Begin PBXGroup section */
		AAF77BF61CF087E4009408DA = {
			isa = PBXGroup;
			children = (
				AAF77C011CF087E4009408DA /* HighVoltage */,
				AAF77C1B1CF087E4009408DA /* HighVoltageTests */,
				AAF77C001CF087E4009408DA /* Products */,
			);
			sourceTree = "<group>";
		};
		AAF77C001CF087E4009408DA /* Products */ = {
			isa = PBXGroup;
			children = (
				AAF77BFF1CF087E4009408DA /* HighVoltage.app */,
				AAF77C181CF087E4009408DA /* HighVoltageTests.xctest */,
			);
			name = Products;
			sourceTree = "<group>";
		};
		AAF77C011CF087E4009408DA /* HighVoltage */ = {
			isa = PBXGroup;
			children = (
				AAF77C321CF0BCF7009408DA /* Model */,
				AAF77C2B1CF0B247009408DA /* Custom Cell */,
				AAF77C271CF088BC009408DA /* View Controllers */,
				AAF77C051CF087E4009408DA /* AppDelegate.h */,
				AAF77C061CF087E4009408DA /* AppDelegate.m */,
				AAF77C0B1CF087E4009408DA /* Main.storyboard */,
				AAF77C0E1CF087E4009408DA /* Assets.xcassets */,
				AAF77C101CF087E4009408DA /* LaunchScreen.storyboard */,
				AAF77C131CF087E4009408DA /* Info.plist */,
				AAF77C021CF087E4009408DA /* Supporting Files */,
			);
			path = HighVoltage;
			sourceTree = "<group>";
		};
		AAF77C021CF087E4009408DA /* Supporting Files */ = {
			isa = PBXGroup;
			children = (
				AAF77C031CF087E4009408DA /* main.m */,
			);
			name = "Supporting Files";
			sourceTree = "<group>";
		};
		AAF77C1B1CF087E4009408DA /* HighVoltageTests */ = {
			isa = PBXGroup;
			children = (
				AAF77C1C1CF087E4009408DA /* HighVoltageTests.m */,
				AAF77C1E1CF087E4009408DA /* Info.plist */,
			);
			path = HighVoltageTests;
			sourceTree = "<group>";
		};
		AAF77C271CF088BC009408DA /* View Controllers */ = {
			isa = PBXGroup;
			children = (
				AAF77C281CF0B1FE009408DA /* ValueTableViewController.h */,
				AAF77C291CF0B1FE009408DA /* ValueTableViewController.m */,
				AAF77C361CF0C116009408DA /* PopoverTableViewController.h */,
				AAF77C371CF0C116009408DA /* PopoverTableViewController.m */,
			);
			name = "View Controllers";
			sourceTree = "<group>";
		};
		AAF77C2B1CF0B247009408DA /* Custom Cell */ = {
			isa = PBXGroup;
			children = (
				AAF77C2C1CF0B261009408DA /* ValueCell.h */,
				AAF77C2D1CF0B261009408DA /* ValueCell.m */,
			);
			name = "Custom Cell";
			sourceTree = "<group>";
		};
		AAF77C321CF0BCF7009408DA /* Model */ = {
			isa = PBXGroup;
			children = (
				AAF77C331CF0BD46009408DA /* ElectricityClass.h */,
				AAF77C341CF0BD46009408DA /* ElectricityClass.m */,
			);
			name = Model;
			sourceTree = "<group>";
		};
/* End PBXGroup section */

/* Begin PBXNativeTarget section */
		AAF77BFE1CF087E4009408DA /* HighVoltage */ = {
			isa = PBXNativeTarget;
			buildConfigurationList = AAF77C211CF087E4009408DA /* Build configuration list for PBXNativeTarget "HighVoltage" */;
			buildPhases = (
				AAF77BFB1CF087E4009408DA /* Sources */,
				AAF77BFC1CF087E4009408DA /* Frameworks */,
				AAF77BFD1CF087E4009408DA /* Resources */,
			);
			buildRules = (
			);
			dependencies = (
			);
			name = HighVoltage;
			productName = HighVoltage;
			productReference = AAF77BFF1CF087E4009408DA /* HighVoltage.app */;
			productType = "com.apple.product-type.application";
		};
		AAF77C171CF087E4009408DA /* HighVoltageTests */ = {
			isa = PBXNativeTarget;
			buildConfigurationList = AAF77C241CF087E4009408DA /* Build configuration list for PBXNativeTarget "HighVoltageTests" */;
			buildPhases = (
				AAF77C141CF087E4009408DA /* Sources */,
				AAF77C151CF087E4009408DA /* Frameworks */,
				AAF77C161CF087E4009408DA /* Resources */,
			);
			buildRules = (
			);
			dependencies = (
				AAF77C1A1CF087E4009408DA /* PBXTargetDependency */,
			);
			name = HighVoltageTests;
			productName = HighVoltageTests;
			productReference = AAF77C181CF087E4009408DA /* HighVoltageTests.xctest */;
			productType = "com.apple.product-type.bundle.unit-test";
		};
/* End PBXNativeTarget section */

/* Begin PBXProject section */
		AAF77BF71CF087E4009408DA /* Project object */ = {
			isa = PBXProject;
			attributes = {
				LastUpgradeCheck = 0720;
				ORGANIZATIONNAME = Training;
				TargetAttributes = {
					AAF77BFE1CF087E4009408DA = {
						CreatedOnToolsVersion = 7.2;
					};
					AAF77C171CF087E4009408DA = {
						CreatedOnToolsVersion = 7.2;
						TestTargetID = AAF77BFE1CF087E4009408DA;
					};
				};
			};
			buildConfigurationList = AAF77BFA1CF087E4009408DA /* Build configuration list for PBXProject "HighVoltage" */;
			compatibilityVersion = "Xcode 3.2";
			developmentRegion = English;
			hasScannedForEncodings = 0;
			knownRegions = (
				en,
				Base,
			);
			mainGroup = AAF77BF61CF087E4009408DA;
			productRefGroup = AAF77C001CF087E4009408DA /* Products */;
			projectDirPath = "";
			projectRoot = "";
			targets = (
				AAF77BFE1CF087E4009408DA /* HighVoltage */,
				AAF77C171CF087E4009408DA /* HighVoltageTests */,
			);
		};
/* End PBXProject section */

/* Begin PBXResourcesBuildPhase section */
		AAF77BFD1CF087E4009408DA /* Resources */ = {
			isa = PBXResourcesBuildPhase;
			buildActionMask = 2147483647;
			files = (
				AAF77C121CF087E4009408DA /* LaunchScreen.storyboard in Resources */,
				AAF77C0F1CF087E4009408DA /* Assets.xcassets in Resources */,
				AAF77C0D1CF087E4009408DA /* Main.storyboard in Resources */,
			);
			runOnlyForDeploymentPostprocessing = 0;
		};
		AAF77C161CF087E4009408DA /* Resources */ = {
			isa = PBXResourcesBuildPhase;
			buildActionMask = 2147483647;
			files = (
			);
			runOnlyForDeploymentPostprocessing = 0;
		};
/* End PBXResourcesBuildPhase section */

/* Begin PBXSourcesBuildPhase section */
		AAF77BFB1CF087E4009408DA /* Sources */ = {
			isa = PBXSourcesBuildPhase;
			buildActionMask = 2147483647;
			files = (
				AAF77C351CF0BD46009408DA /* ElectricityClass.m in Sources */,
				AAF77C381CF0C116009408DA /* PopoverTableViewController.m in Sources */,
				AAF77C071CF087E4009408DA /* AppDelegate.m in Sources */,
				AAF77C041CF087E4009408DA /* main.m in Sources */,
				AAF77C2A1CF0B1FE009408DA /* ValueTableViewController.m in Sources */,
				AAF77C2E1CF0B261009408DA /* ValueCell.m in Sources */,
			);
			runOnlyForDeploymentPostprocessing = 0;
		};
		AAF77C141CF087E4009408DA /* Sources */ = {
			isa = PBXSourcesBuildPhase;
			buildActionMask = 2147483647;
			files = (
				AAF77C1D1CF087E4009408DA /* HighVoltageTests.m in Sources */,
			);
			runOnlyForDeploymentPostprocessing = 0;
		};
/* End PBXSourcesBuildPhase section */

/* Begin PBXTargetDependency section */
		AAF77C1A1CF087E4009408DA /* PBXTargetDependency */ = {
			isa = PBXTargetDependency;
			target = AAF77BFE1CF087E4009408DA /* HighVoltage */;
			targetProxy = AAF77C191CF087E4009408DA /* PBXContainerItemProxy */;
		};
/* End PBXTargetDependency section */

/* Begin PBXVariantGroup section */
		AAF77C0B1CF087E4009408DA /* Main.storyboard */ = {
			isa = PBXVariantGroup;
			children = (
				AAF77C0C1CF087E4009408DA /* Base */,
			);
			name = Main.storyboard;
			sourceTree = "<group>";
		};
		AAF77C101CF087E4009408DA /* LaunchScreen.storyboard */ = {
			isa = PBXVariantGroup;
			children = (
				AAF77C111CF087E4009408DA /* Base */,
			);
			name = LaunchScreen.storyboard;
			sourceTree = "<group>";
		};
/* End PBXVariantGroup section */

/* Begin XCBuildConfiguration section */
		AAF77C1F1CF087E4009408DA /* Debug */ = {
			isa = XCBuildConfiguration;
			buildSettings = {
				ALWAYS_SEARCH_USER_PATHS = NO;
				CLANG_CXX_LANGUAGE_STANDARD = "gnu++0x";
				CLANG_CXX_LIBRARY = "libc++";
				CLANG_ENABLE_MODULES = YES;
				CLANG_ENABLE_OBJC_ARC = YES;
				CLANG_WARN_BOOL_CONVERSION = YES;
				CLANG_WARN_CONSTANT_CONVERSION = YES;
				CLANG_WARN_DIRECT_OBJC_ISA_USAGE = YES_ERROR;
				CLANG_WARN_EMPTY_BODY = YES;
				CLANG_WARN_ENUM_CONVERSION = YES;
				CLANG_WARN_INT_CONVERSION = YES;
				CLANG_WARN_OBJC_ROOT_CLASS = YES_ERROR;
				CLANG_WARN_UNREACHABLE_CODE = YES;
				CLANG_WARN__DUPLICATE_METHOD_MATCH = YES;
				"CODE_SIGN_IDENTITY[sdk=iphoneos*]" = "iPhone Developer";
				COPY_PHASE_STRIP = NO;
				DEBUG_INFORMATION_FORMAT = dwarf;
				ENABLE_STRICT_OBJC_MSGSEND = YES;
				ENABLE_TESTABILITY = YES;
				GCC_C_LANGUAGE_STANDARD = gnu99;
				GCC_DYNAMIC_NO_PIC = NO;
				GCC_NO_COMMON_BLOCKS = YES;
				GCC_OPTIMIZATION_LEVEL = 0;
				GCC_PREPROCESSOR_DEFINITIONS = (
					"DEBUG=1",
					"$(inherited)",
				);
				GCC_WARN_64_TO_32_BIT_CONVERSION = YES;
				GCC_WARN_ABOUT_RETURN_TYPE = YES_ERROR;
				GCC_WARN_UNDECLARED_SELECTOR = YES;
				GCC_WARN_UNINITIALIZED_AUTOS = YES_AGGRESSIVE;
				GCC_WARN_UNUSED_FUNCTION = YES;
				GCC_WARN_UNUSED_VARIABLE = YES;
				IPHONEOS_DEPLOYMENT_TARGET = 9.2;
				MTL_ENABLE_DEBUG_INFO = YES;
				ONLY_ACTIVE_ARCH = YES;
				SDKROOT = iphoneos;
			};
			name = Debug;
		};
		AAF77C201CF087E4009408DA /* Release */ = {
			isa = XCBuildConfiguration;
			buildSettings = {
				ALWAYS_SEARCH_USER_PATHS = NO;
				CLANG_CXX_LANGUAGE_STANDARD = "gnu++0x";
				CLANG_CXX_LIBRARY = "libc++";
				CLANG_ENABLE_MODULES = YES;
				CLANG_ENABLE_OBJC_ARC = YES;
				CLANG_WARN_BOOL_CONVERSION = YES;
				CLANG_WARN_CONSTANT_CONVERSION = YES;
				CLANG_WARN_DIRECT_OBJC_ISA_USAGE = YES_ERROR;
				CLANG_WARN_EMPTY_BODY = YES;
				CLANG_WARN_ENUM_CONVERSION = YES;
				CLANG_WARN_INT_CONVERSION = YES;
				CLANG_WARN_OBJC_ROOT_CLASS = YES_ERROR;
				CLANG_WARN_UNREACHABLE_CODE = YES;
				CLANG_WARN__DUPLICATE_METHOD_MATCH = YES;
				"CODE_SIGN_IDENTITY[sdk=iphoneos*]" = "iPhone Developer";
				COPY_PHASE_STRIP = NO;
				DEBUG_INFORMATION_FORMAT = "dwarf-with-dsym";
				ENABLE_NS_ASSERTIONS = NO;
				ENABLE_STRICT_OBJC_MSGSEND = YES;
				GCC_C_LANGUAGE_STANDARD = gnu99;
				GCC_NO_COMMON_BLOCKS = YES;
				GCC_WARN_64_TO_32_BIT_CONVERSION = YES;
				GCC_WARN_ABOUT_RETURN_TYPE = YES_ERROR;
				GCC_WARN_UNDECLARED_SELECTOR = YES;
				GCC_WARN_UNINITIALIZED_AUTOS = YES_AGGRESSIVE;
				GCC_WARN_UNUSED_FUNCTION = YES;
				GCC_WARN_UNUSED_VARIABLE = YES;
				IPHONEOS_DEPLOYMENT_TARGET = 9.2;
				MTL_ENABLE_DEBUG_INFO = NO;
				SDKROOT = iphoneos;
				VALIDATE_PRODUCT = YES;
			};
			name = Release;
		};
		AAF77C221CF087E4009408DA /* Debug */ = {
			isa = XCBuildConfiguration;
			buildSettings = {
				ASSETCATALOG_COMPILER_APPICON_NAME = AppIcon;
				INFOPLIST_FILE = HighVoltage/Info.plist;
				LD_RUNPATH_SEARCH_PATHS = "$(inherited) @executable_path/Frameworks";
				PRODUCT_BUNDLE_IDENTIFIER = com.training.HighVoltage;
				PRODUCT_NAME = "$(TARGET_NAME)";
			};
			name = Debug;
		};
		AAF77C231CF087E4009408DA /* Release */ = {
			isa = XCBuildConfiguration;
			buildSettings = {
				ASSETCATALOG_COMPILER_APPICON_NAME = AppIcon;
				INFOPLIST_FILE = HighVoltage/Info.plist;
				LD_RUNPATH_SEARCH_PATHS = "$(inherited) @executable_path/Frameworks";
				PRODUCT_BUNDLE_IDENTIFIER = com.training.HighVoltage;
				PRODUCT_NAME = "$(TARGET_NAME)";
			};
			name = Release;
		};
		AAF77C251CF087E4009408DA /* Debug */ = {
			isa = XCBuildConfiguration;
			buildSettings = {
				BUNDLE_LOADER = "$(TEST_HOST)";
				INFOPLIST_FILE = HighVoltageTests/Info.plist;
				LD_RUNPATH_SEARCH_PATHS = "$(inherited) @executable_path/Frameworks @loader_path/Frameworks";
				PRODUCT_BUNDLE_IDENTIFIER = com.training.HighVoltageTests;
				PRODUCT_NAME = "$(TARGET_NAME)";
				TEST_HOST = "$(BUILT_PRODUCTS_DIR)/HighVoltage.app/HighVoltage";
			};
			name = Debug;
		};
		AAF77C261CF087E4009408DA /* Release */ = {
			isa = XCBuildConfiguration;
			buildSettings = {
				BUNDLE_LOADER = "$(TEST_HOST)";
				INFOPLIST_FILE = HighVoltageTests/Info.plist;
				LD_RUNPATH_SEARCH_PATHS = "$(inherited) @executable_path/Frameworks @loader_path/Frameworks";
				PRODUCT_BUNDLE_IDENTIFIER = com.training.HighVoltageTests;
				PRODUCT_NAME = "$(TARGET_NAME)";
				TEST_HOST = "$(BUILT_PRODUCTS_DIR)/HighVoltage.app/HighVoltage";
			};
			name = Release;
		};
/* End XCBuildConfiguration section */

/* Begin XCConfigurationList section */
		AAF77BFA1CF087E4009408DA /* Build configuration list for PBXProject "HighVoltage" */ = {
			isa = XCConfigurationList;
			buildConfigurations = (
				AAF77C1F1CF087E4009408DA /* Debug */,
				AAF77C201CF087E4009408DA /* Release */,
			);
			defaultConfigurationIsVisible = 0;
			defaultConfigurationName = Release;
		};
		AAF77C211CF087E4009408DA /* Build configuration list for PBXNativeTarget "HighVoltage" */ = {
			isa = XCConfigurationList;
			buildConfigurations = (
				AAF77C221CF087E4009408DA /* Debug */,
				AAF77C231CF087E4009408DA /* Release */,
			);
			defaultConfigurationIsVisible = 0;
		};
		AAF77C241CF087E4009408DA /* Build configuration list for PBXNativeTarget "HighVoltageTests" */ = {
			isa = XCConfigurationList;
			buildConfigurations = (
				AAF77C251CF087E4009408DA /* Debug */,
				AAF77C261CF087E4009408DA /* Release */,
			);
			defaultConfigurationIsVisible = 0;
		};
/* End XCConfigurationList section */
	};
	rootObject = AAF77BF71CF087E4009408DA /* Project object */;
}
